
Microsoft Visual Studio Solution File, Format Version 12.00
# Visual Studio Version 17
VisualStudioVersion = 17.10.35122.118
MinimumVisualStudioVersion = 10.0.40219.1
Project("{888888A0-9F3D-457C-B088-3A5042F75D52}") = "3KLSC-CésarTrujillo-02", "3KLSC-CésarTrujillo-02\3KLSC-CésarTrujillo-02.pyproj", "{736E7545-A2D1-4C0E-BB51-AE41B554F312}"
EndProject
Global
	GlobalSection(SolutionConfigurationPlatforms) = preSolution
		Debug|Any CPU = Debug|Any CPU
		Release|Any CPU = Release|Any CPU
	EndGlobalSection
	GlobalSection(ProjectConfigurationPlatforms) = postSolution
		{736E7545-A2D1-4C0E-BB51-AE41B554F312}.Debug|Any CPU.ActiveCfg = Debug|Any CPU
		{736E7545-A2D1-4C0E-BB51-AE41B554F312}.Release|Any CPU.ActiveCfg = Release|Any CPU
	EndGlobalSection
	GlobalSection(SolutionProperties) = preSolution
		HideSolutionNode = FALSE
	EndGlobalSection
	GlobalSection(ExtensibilityGlobals) = postSolution
		SolutionGuid = {46A9CD1F-920D-4F26-B5EE-56A448B0A99E}
	EndGlobalSection
EndGlobal
